# THIS IS AN AUTOGENERATED FILE. DO NOT EDIT THIS FILE DIRECTLY.
# yarn lockfile v1


bs-let@^0.1.16:
  version "0.1.16"
  resolved "https://registry.yarnpkg.com/bs-let/-/bs-let-0.1.16.tgz#63cd449ed02c75f87eceb248d45963937afdd4ed"
  integrity sha512-pdbSNe/QRpqgqS72dYDlkZ7kqMHc5aJkLgipLS8BFMRx+hQqkOo0JOpxWZQeDj1T677e302xgmV+Mid5gvmnBg==

bs-platform@^7.2.2:
  version "7.2.2"
  resolved "https://registry.yarnpkg.com/bs-platform/-/bs-platform-7.2.2.tgz#76fdc63e4889458ae3d257a0132107a792f2309c"
  integrity sha512-PWcFfN+jCTtT/rMaHDhKh+W9RUTpaRunmSF9vbLYcrJbpgCNW6aFKAY33u0P3mLxwuhshN3b4FxqGUBPj6exZQ==

decco@^1.2.0:
  version "1.2.0"
  resolved "https://registry.yarnpkg.com/decco/-/decco-1.2.0.tgz#f67d7d0d4bdd0f001710a36d2d698fed6c2b52b8"
  integrity sha512-sPk3qV7SF4djb7jvaPI2w5R4FmALjj/dziBmHEkdsYg2ImhvUreh/eL20FdnViVZ+jVJMqsUZaKtOIwIjMmnHQ==
